
Microsoft Visual Studio Solution File, Format Version 12.00
# Visual Studio Version 17
VisualStudioVersion = 17.10.35122.118
MinimumVisualStudioVersion = 10.0.40219.1
Project("{9A19103F-16F7-4668-BE54-9A1E7A4F7556}") = "WebApi.Crud", "WebApi.Crud\WebApi.Crud.csproj", "{C05A65A6-0F52-4883-8936-D0F162C386D1}"
EndProject
Global
	GlobalSection(SolutionConfigurationPlatforms) = preSolution
		Debug|Any CPU = Debug|Any CPU
		Release|Any CPU = Release|Any CPU
	EndGlobalSection
	GlobalSection(ProjectConfigurationPlatforms) = postSolution
		{C05A65A6-0F52-4883-8936-D0F162C386D1}.Debug|Any CPU.ActiveCfg = Debug|Any CPU
		{C05A65A6-0F52-4883-8936-D0F162C386D1}.Debug|Any CPU.Build.0 = Debug|Any CPU
		{C05A65A6-0F52-4883-8936-D0F162C386D1}.Release|Any CPU.ActiveCfg = Release|Any CPU
		{C05A65A6-0F52-4883-8936-D0F162C386D1}.Release|Any CPU.Build.0 = Release|Any CPU
	EndGlobalSection
	GlobalSection(SolutionProperties) = preSolution
		HideSolutionNode = FALSE
	EndGlobalSection
	GlobalSection(ExtensibilityGlobals) = postSolution
		SolutionGuid = {5488F702-72D4-46DE-B601-9C4112CE3AEE}
	EndGlobalSection
EndGlobal
